// !$*UTF8*$!
{
	archiveVersion = 1;
	classes = {
	};
	objectVersion = 55;
	objects = {

/* Begin PBXBuildFile section */
		1B1DACCE283E374100E42AFB /* ResizeableSheetDemoApp.swift in Sources */ = {isa = PBXBuildFile; fileRef = 1B1DACCD283E374100E42AFB /* ResizeableSheetDemoApp.swift */; };
		1B1DACD0283E374100E42AFB /* ContentView.swift in Sources */ = {isa = PBXBuildFile; fileRef = 1B1DACCF283E374100E42AFB /* ContentView.swift */; };
		1B1DACD2283E374300E42AFB /* Assets.xcassets in Resources */ = {isa = PBXBuildFile; fileRef = 1B1DACD1283E374300E42AFB /* Assets.xcassets */; };
		1B1DACD5283E374300E42AFB /* Preview Assets.xcassets in Resources */ = {isa = PBXBuildFile; fileRef = 1B1DACD4283E374300E42AFB /* Preview Assets.xcassets */; };
		1B1DACEB283E378100E42AFB /* TrackableScrollView.swift in Sources */ = {isa = PBXBuildFile; fileRef = 1B1DACDC283E378100E42AFB /* TrackableScrollView.swift */; };
		1B1DACEC283E378100E42AFB /* RoundedCorner.swift in Sources */ = {isa = PBXBuildFile; fileRef = 1B1DACDD283E378100E42AFB /* RoundedCorner.swift */; };
		1B1DACED283E378100E42AFB /* Environment+ResizableSheet.swift in Sources */ = {isa = PBXBuildFile; fileRef = 1B1DACDE283E378100E42AFB /* Environment+ResizableSheet.swift */; };
		1B1DACEE283E378100E42AFB /* ResizableSheetConfiguration.swift in Sources */ = {isa = PBXBuildFile; fileRef = 1B1DACDF283E378100E42AFB /* ResizableSheetConfiguration.swift */; };
		1B1DACEF283E378100E42AFB /* ResizableSheetBuilder.swift in Sources */ = {isa = PBXBuildFile; fileRef = 1B1DACE0283E378100E42AFB /* ResizableSheetBuilder.swift */; };
		1B1DACF0283E378100E42AFB /* ChildSizeReader.swift in Sources */ = {isa = PBXBuildFile; fileRef = 1B1DACE1283E378100E42AFB /* ChildSizeReader.swift */; };
		1B1DACF1283E378100E42AFB /* ResizableSheetModifier.swift in Sources */ = {isa = PBXBuildFile; fileRef = 1B1DACE2283E378100E42AFB /* ResizableSheetModifier.swift */; };
		1B1DACF2283E378100E42AFB /* ResizableSheetPreview.swift in Sources */ = {isa = PBXBuildFile; fileRef = 1B1DACE3283E378100E42AFB /* ResizableSheetPreview.swift */; };
		1B1DACF3283E378100E42AFB /* ScrollViewGestureHandler.swift in Sources */ = {isa = PBXBuildFile; fileRef = 1B1DACE4283E378100E42AFB /* ScrollViewGestureHandler.swift */; };
		1B1DACF4283E378100E42AFB /* ResizableSheetModel.swift in Sources */ = {isa = PBXBuildFile; fileRef = 1B1DACE5283E378100E42AFB /* ResizableSheetModel.swift */; };
		1B1DACF5283E378100E42AFB /* ResizableSheet.swift in Sources */ = {isa = PBXBuildFile; fileRef = 1B1DACE6283E378100E42AFB /* ResizableSheet.swift */; };
		1B1DACF6283E378100E42AFB /* ResizableSheetCenter.swift in Sources */ = {isa = PBXBuildFile; fileRef = 1B1DACE7283E378100E42AFB /* ResizableSheetCenter.swift */; };
		1B1DACF7283E378100E42AFB /* OverlayWindow.swift in Sources */ = {isa = PBXBuildFile; fileRef = 1B1DACE8283E378100E42AFB /* OverlayWindow.swift */; };
		1B1DACF8283E378100E42AFB /* GrabBar.swift in Sources */ = {isa = PBXBuildFile; fileRef = 1B1DACE9283E378100E42AFB /* GrabBar.swift */; };
		1B1DACF9283E378100E42AFB /* ResizableSheetState.swift in Sources */ = {isa = PBXBuildFile; fileRef = 1B1DACEA283E378100E42AFB /* ResizableSheetState.swift */; };
		1B1DACFB283E39DE00E42AFB /* MainView.swift in Sources */ = {isa = PBXBuildFile; fileRef = 1B1DACFA283E39DE00E42AFB /* MainView.swift */; };
/* End PBXBuildFile section */

/* Begin PBXFileReference section */
		1B1DACCA283E374100E42AFB /* ResizeableSheetDemo.app */ = {isa = PBXFileReference; explicitFileType = wrapper.application; includeInIndex = 0; path = ResizeableSheetDemo.app; sourceTree = BUILT_PRODUCTS_DIR; };
		1B1DACCD283E374100E42AFB /* ResizeableSheetDemoApp.swift */ = {isa = PBXFileReference; lastKnownFileType = sourcecode.swift; path = ResizeableSheetDemoApp.swift; sourceTree = "<group>"; };
		1B1DACCF283E374100E42AFB /* ContentView.swift */ = {isa = PBXFileReference; lastKnownFileType = sourcecode.swift; path = ContentView.swift; sourceTree = "<group>"; };
		1B1DACD1283E374300E42AFB /* Assets.xcassets */ = {isa = PBXFileReference; lastKnownFileType = folder.assetcatalog; path = Assets.xcassets; sourceTree = "<group>"; };
		1B1DACD4283E374300E42AFB /* Preview Assets.xcassets */ = {isa = PBXFileReference; lastKnownFileType = folder.assetcatalog; path = "Preview Assets.xcassets"; sourceTree = "<group>"; };
		1B1DACDC283E378100E42AFB /* TrackableScrollView.swift */ = {isa = PBXFileReference; fileEncoding = 4; lastKnownFileType = sourcecode.swift; path = TrackableScrollView.swift; sourceTree = "<group>"; };
		1B1DACDD283E378100E42AFB /* RoundedCorner.swift */ = {isa = PBXFileReference; fileEncoding = 4; lastKnownFileType = sourcecode.swift; path = RoundedCorner.swift; sourceTree = "<group>"; };
		1B1DACDE283E378100E42AFB /* Environment+ResizableSheet.swift */ = {isa = PBXFileReference; fileEncoding = 4; lastKnownFileType = sourcecode.swift; path = "Environment+ResizableSheet.swift"; sourceTree = "<group>"; };
		1B1DACDF283E378100E42AFB /* ResizableSheetConfiguration.swift */ = {isa = PBXFileReference; fileEncoding = 4; lastKnownFileType = sourcecode.swift; path = ResizableSheetConfiguration.swift; sourceTree = "<group>"; };
		1B1DACE0283E378100E42AFB /* ResizableSheetBuilder.swift */ = {isa = PBXFileReference; fileEncoding = 4; lastKnownFileType = sourcecode.swift; path = ResizableSheetBuilder.swift; sourceTree = "<group>"; };
		1B1DACE1283E378100E42AFB /* ChildSizeReader.swift */ = {isa = PBXFileReference; fileEncoding = 4; lastKnownFileType = sourcecode.swift; path = ChildSizeReader.swift; sourceTree = "<group>"; };
		1B1DACE2283E378100E42AFB /* ResizableSheetModifier.swift */ = {isa = PBXFileReference; fileEncoding = 4; lastKnownFileType = sourcecode.swift; path = ResizableSheetModifier.swift; sourceTree = "<group>"; };
		1B1DACE3283E378100E42AFB /* ResizableSheetPreview.swift */ = {isa = PBXFileReference; fileEncoding = 4; lastKnownFileType = sourcecode.swift; path = ResizableSheetPreview.swift; sourceTree = "<group>"; };
		1B1DACE4283E378100E42AFB /* ScrollViewGestureHandler.swift */ = {isa = PBXFileReference; fileEncoding = 4; lastKnownFileType = sourcecode.swift; path = ScrollViewGestureHandler.swift; sourceTree = "<group>"; };
		1B1DACE5283E378100E42AFB /* ResizableSheetModel.swift */ = {isa = PBXFileReference; fileEncoding = 4; lastKnownFileType = sourcecode.swift; path = ResizableSheetModel.swift; sourceTree = "<group>"; };
		1B1DACE6283E378100E42AFB /* ResizableSheet.swift */ = {isa = PBXFileReference; fileEncoding = 4; lastKnownFileType = sourcecode.swift; path = ResizableSheet.swift; sourceTree = "<group>"; };
		1B1DACE7283E378100E42AFB /* ResizableSheetCenter.swift */ = {isa = PBXFileReference; fileEncoding = 4; lastKnownFileType = sourcecode.swift; path = ResizableSheetCenter.swift; sourceTree = "<group>"; };
		1B1DACE8283E378100E42AFB /* OverlayWindow.swift */ = {isa = PBXFileReference; fileEncoding = 4; lastKnownFileType = sourcecode.swift; path = OverlayWindow.swift; sourceTree = "<group>"; };
		1B1DACE9283E378100E42AFB /* GrabBar.swift */ = {isa = PBXFileReference; fileEncoding = 4; lastKnownFileType = sourcecode.swift; path = GrabBar.swift; sourceTree = "<group>"; };
		1B1DACEA283E378100E42AFB /* ResizableSheetState.swift */ = {isa = PBXFileReference; fileEncoding = 4; lastKnownFileType = sourcecode.swift; path = ResizableSheetState.swift; sourceTree = "<group>"; };
		1B1DACFA283E39DE00E42AFB /* MainView.swift */ = {isa = PBXFileReference; lastKnownFileType = sourcecode.swift; path = MainView.swift; sourceTree = "<group>"; };
/* End PBXFileReference section */

/* Begin PBXFrameworksBuildPhase section */
		1B1DACC7283E374100E42AFB /* Frameworks */ = {
			isa = PBXFrameworksBuildPhase;
			buildActionMask = 2147483647;
			files = (
			);
			runOnlyForDeploymentPostprocessing = 0;
		};
/* End PBXFrameworksBuildPhase section */

/* Begin PBXGroup section */
		1B1DACC1283E374100E42AFB = {
			isa = PBXGroup;
			children = (
				1B1DACCC283E374100E42AFB /* ResizeableSheetDemo */,
				1B1DACCB283E374100E42AFB /* Products */,
			);
			sourceTree = "<group>";
		};
		1B1DACCB283E374100E42AFB /* Products */ = {
			isa = PBXGroup;
			children = (
				1B1DACCA283E374100E42AFB /* ResizeableSheetDemo.app */,
			);
			name = Products;
			sourceTree = "<group>";
		};
		1B1DACCC283E374100E42AFB /* ResizeableSheetDemo */ = {
			isa = PBXGroup;
			children = (
				1B1DACDB283E378100E42AFB /* ResizableSheet */,
				1B1DACCD283E374100E42AFB /* ResizeableSheetDemoApp.swift */,
				1B1DACCF283E374100E42AFB /* ContentView.swift */,
				1B1DACFA283E39DE00E42AFB /* MainView.swift */,
				1B1DACD1283E374300E42AFB /* Assets.xcassets */,
				1B1DACD3283E374300E42AFB /* Preview Content */,
			);
			path = ResizeableSheetDemo;
			sourceTree = "<group>";
		};
		1B1DACD3283E374300E42AFB /* Preview Content */ = {
			isa = PBXGroup;
			children = (
				1B1DACD4283E374300E42AFB /* Preview Assets.xcassets */,
			);
			path = "Preview Content";
			sourceTree = "<group>";
		};
		1B1DACDB283E378100E42AFB /* ResizableSheet */ = {
			isa = PBXGroup;
			children = (
				1B1DACDC283E378100E42AFB /* TrackableScrollView.swift */,
				1B1DACDD283E378100E42AFB /* RoundedCorner.swift */,
				1B1DACDE283E378100E42AFB /* Environment+ResizableSheet.swift */,
				1B1DACDF283E378100E42AFB /* ResizableSheetConfiguration.swift */,
				1B1DACE0283E378100E42AFB /* ResizableSheetBuilder.swift */,
				1B1DACE1283E378100E42AFB /* ChildSizeReader.swift */,
				1B1DACE2283E378100E42AFB /* ResizableSheetModifier.swift */,
				1B1DACE3283E378100E42AFB /* ResizableSheetPreview.swift */,
				1B1DACE4283E378100E42AFB /* ScrollViewGestureHandler.swift */,
				1B1DACE5283E378100E42AFB /* ResizableSheetModel.swift */,
				1B1DACE6283E378100E42AFB /* ResizableSheet.swift */,
				1B1DACE7283E378100E42AFB /* ResizableSheetCenter.swift */,
				1B1DACE8283E378100E42AFB /* OverlayWindow.swift */,
				1B1DACE9283E378100E42AFB /* GrabBar.swift */,
				1B1DACEA283E378100E42AFB /* ResizableSheetState.swift */,
			);
			path = ResizableSheet;
			sourceTree = "<group>";
		};
/* End PBXGroup section */

/* Begin PBXNativeTarget section */
		1B1DACC9283E374100E42AFB /* ResizeableSheetDemo */ = {
			isa = PBXNativeTarget;
			buildConfigurationList = 1B1DACD8283E374300E42AFB /* Build configuration list for PBXNativeTarget "ResizeableSheetDemo" */;
			buildPhases = (
				1B1DACC6283E374100E42AFB /* Sources */,
				1B1DACC7283E374100E42AFB /* Frameworks */,
				1B1DACC8283E374100E42AFB /* Resources */,
			);
			buildRules = (
			);
			dependencies = (
			);
			name = ResizeableSheetDemo;
			productName = ResizeableSheetDemo;
			productReference = 1B1DACCA283E374100E42AFB /* ResizeableSheetDemo.app */;
			productType = "com.apple.product-type.application";
		};
/* End PBXNativeTarget section */

/* Begin PBXProject section */
		1B1DACC2283E374100E42AFB /* Project object */ = {
			isa = PBXProject;
			attributes = {
				BuildIndependentTargetsInParallel = 1;
				LastSwiftUpdateCheck = 1340;
				LastUpgradeCheck = 1340;
				TargetAttributes = {
					1B1DACC9283E374100E42AFB = {
						CreatedOnToolsVersion = 13.4;
					};
				};
			};
			buildConfigurationList = 1B1DACC5283E374100E42AFB /* Build configuration list for PBXProject "ResizeableSheetDemo" */;
			compatibilityVersion = "Xcode 13.0";
			developmentRegion = en;
			hasScannedForEncodings = 0;
			knownRegions = (
				en,
				Base,
			);
			mainGroup = 1B1DACC1283E374100E42AFB;
			productRefGroup = 1B1DACCB283E374100E42AFB /* Products */;
			projectDirPath = "";
			projectRoot = "";
			targets = (
				1B1DACC9283E374100E42AFB /* ResizeableSheetDemo */,
			);
		};
/* End PBXProject section */

/* Begin PBXResourcesBuildPhase section */
		1B1DACC8283E374100E42AFB /* Resources */ = {
			isa = PBXResourcesBuildPhase;
			buildActionMask = 2147483647;
			files = (
				1B1DACD5283E374300E42AFB /* Preview Assets.xcassets in Resources */,
				1B1DACD2283E374300E42AFB /* Assets.xcassets in Resources */,
			);
			runOnlyForDeploymentPostprocessing = 0;
		};
/* End PBXResourcesBuildPhase section */

/* Begin PBXSourcesBuildPhase section */
		1B1DACC6283E374100E42AFB /* Sources */ = {
			isa = PBXSourcesBuildPhase;
			buildActionMask = 2147483647;
			files = (
				1B1DACF2283E378100E42AFB /* ResizableSheetPreview.swift in Sources */,
				1B1DACFB283E39DE00E42AFB /* MainView.swift in Sources */,
				1B1DACF7283E378100E42AFB /* OverlayWindow.swift in Sources */,
				1B1DACEE283E378100E42AFB /* ResizableSheetConfiguration.swift in Sources */,
				1B1DACF3283E378100E42AFB /* ScrollViewGestureHandler.swift in Sources */,
				1B1DACEC283E378100E42AFB /* RoundedCorner.swift in Sources */,
				1B1DACF6283E378100E42AFB /* ResizableSheetCenter.swift in Sources */,
				1B1DACF0283E378100E42AFB /* ChildSizeReader.swift in Sources */,
				1B1DACF9283E378100E42AFB /* ResizableSheetState.swift in Sources */,
				1B1DACEF283E378100E42AFB /* ResizableSheetBuilder.swift in Sources */,
				1B1DACEB283E378100E42AFB /* TrackableScrollView.swift in Sources */,
				1B1DACF8283E378100E42AFB /* GrabBar.swift in Sources */,
				1B1DACF4283E378100E42AFB /* ResizableSheetModel.swift in Sources */,
				1B1DACD0283E374100E42AFB /* ContentView.swift in Sources */,
				1B1DACED283E378100E42AFB /* Environment+ResizableSheet.swift in Sources */,
				1B1DACCE283E374100E42AFB /* ResizeableSheetDemoApp.swift in Sources */,
				1B1DACF1283E378100E42AFB /* ResizableSheetModifier.swift in Sources */,
				1B1DACF5283E378100E42AFB /* ResizableSheet.swift in Sources */,
			);
			runOnlyForDeploymentPostprocessing = 0;
		};
/* End PBXSourcesBuildPhase section */

/* Begin XCBuildConfiguration section */
		1B1DACD6283E374300E42AFB /* Debug */ = {
			isa = XCBuildConfiguration;
			buildSettings = {
				ALWAYS_SEARCH_USER_PATHS = NO;
				CLANG_ANALYZER_NONNULL = YES;
				CLANG_ANALYZER_NUMBER_OBJECT_CONVERSION = YES_AGGRESSIVE;
				CLANG_CXX_LANGUAGE_STANDARD = "gnu++17";
				CLANG_ENABLE_MODULES = YES;
				CLANG_ENABLE_OBJC_ARC = YES;
				CLANG_ENABLE_OBJC_WEAK = YES;
				CLANG_WARN_BLOCK_CAPTURE_AUTORELEASING = YES;
				CLANG_WARN_BOOL_CONVERSION = YES;
				CLANG_WARN_COMMA = YES;
				CLANG_WARN_CONSTANT_CONVERSION = YES;
				CLANG_WARN_DEPRECATED_OBJC_IMPLEMENTATIONS = YES;
				CLANG_WARN_DIRECT_OBJC_ISA_USAGE = YES_ERROR;
				CLANG_WARN_DOCUMENTATION_COMMENTS = YES;
				CLANG_WARN_EMPTY_BODY = YES;
				CLANG_WARN_ENUM_CONVERSION = YES;
				CLANG_WARN_INFINITE_RECURSION = YES;
				CLANG_WARN_INT_CONVERSION = YES;
				CLANG_WARN_NON_LITERAL_NULL_CONVERSION = YES;
				CLANG_WARN_OBJC_IMPLICIT_RETAIN_SELF = YES;
				CLANG_WARN_OBJC_LITERAL_CONVERSION = YES;
				CLANG_WARN_OBJC_ROOT_CLASS = YES_ERROR;
				CLANG_WARN_QUOTED_INCLUDE_IN_FRAMEWORK_HEADER = YES;
				CLANG_WARN_RANGE_LOOP_ANALYSIS = YES;
				CLANG_WARN_STRICT_PROTOTYPES = YES;
				CLANG_WARN_SUSPICIOUS_MOVE = YES;
				CLANG_WARN_UNGUARDED_AVAILABILITY = YES_AGGRESSIVE;
				CLANG_WARN_UNREACHABLE_CODE = YES;
				CLANG_WARN__DUPLICATE_METHOD_MATCH = YES;
				COPY_PHASE_STRIP = NO;
				DEBUG_INFORMATION_FORMAT = dwarf;
				ENABLE_STRICT_OBJC_MSGSEND = YES;
				ENABLE_TESTABILITY = YES;
				GCC_C_LANGUAGE_STANDARD = gnu11;
				GCC_DYNAMIC_NO_PIC = NO;
				GCC_NO_COMMON_BLOCKS = YES;
				GCC_OPTIMIZATION_LEVEL = 0;
				GCC_PREPROCESSOR_DEFINITIONS = (
					"DEBUG=1",
					"$(inherited)",
				);
				GCC_WARN_64_TO_32_BIT_CONVERSION = YES;
				GCC_WARN_ABOUT_RETURN_TYPE = YES_ERROR;
				GCC_WARN_UNDECLARED_SELECTOR = YES;
				GCC_WARN_UNINITIALIZED_AUTOS = YES_AGGRESSIVE;
				GCC_WARN_UNUSED_FUNCTION = YES;
				GCC_WARN_UNUSED_VARIABLE = YES;
				IPHONEOS_DEPLOYMENT_TARGET = 15.5;
				MTL_ENABLE_DEBUG_INFO = INCLUDE_SOURCE;
				MTL_FAST_MATH = YES;
				ONLY_ACTIVE_ARCH = YES;
				SDKROOT = iphoneos;
				SWIFT_ACTIVE_COMPILATION_CONDITIONS = DEBUG;
				SWIFT_OPTIMIZATION_LEVEL = "-Onone";
			};
			name = Debug;
		};
		1B1DACD7283E374300E42AFB /* Release */ = {
			isa = XCBuildConfiguration;
			buildSettings = {
				ALWAYS_SEARCH_USER_PATHS = NO;
				CLANG_ANALYZER_NONNULL = YES;
				CLANG_ANALYZER_NUMBER_OBJECT_CONVERSION = YES_AGGRESSIVE;
				CLANG_CXX_LANGUAGE_STANDARD = "gnu++17";
				CLANG_ENABLE_MODULES = YES;
				CLANG_ENABLE_OBJC_ARC = YES;
				CLANG_ENABLE_OBJC_WEAK = YES;
				CLANG_WARN_BLOCK_CAPTURE_AUTORELEASING = YES;
				CLANG_WARN_BOOL_CONVERSION = YES;
				CLANG_WARN_COMMA = YES;
				CLANG_WARN_CONSTANT_CONVERSION = YES;
				CLANG_WARN_DEPRECATED_OBJC_IMPLEMENTATIONS = YES;
				CLANG_WARN_DIRECT_OBJC_ISA_USAGE = YES_ERROR;
				CLANG_WARN_DOCUMENTATION_COMMENTS = YES;
				CLANG_WARN_EMPTY_BODY = YES;
				CLANG_WARN_ENUM_CONVERSION = YES;
				CLANG_WARN_INFINITE_RECURSION = YES;
				CLANG_WARN_INT_CONVERSION = YES;
				CLANG_WARN_NON_LITERAL_NULL_CONVERSION = YES;
				CLANG_WARN_OBJC_IMPLICIT_RETAIN_SELF = YES;
				CLANG_WARN_OBJC_LITERAL_CONVERSION = YES;
				CLANG_WARN_OBJC_ROOT_CLASS = YES_ERROR;
				CLANG_WARN_QUOTED_INCLUDE_IN_FRAMEWORK_HEADER = YES;
				CLANG_WARN_RANGE_LOOP_ANALYSIS = YES;
				CLANG_WARN_STRICT_PROTOTYPES = YES;
				CLANG_WARN_SUSPICIOUS_MOVE = YES;
				CLANG_WARN_UNGUARDED_AVAILABILITY = YES_AGGRESSIVE;
				CLANG_WARN_UNREACHABLE_CODE = YES;
				CLANG_WARN__DUPLICATE_METHOD_MATCH = YES;
				COPY_PHASE_STRIP = NO;
				DEBUG_INFORMATION_FORMAT = "dwarf-with-dsym";
				ENABLE_NS_ASSERTIONS = NO;
				ENABLE_STRICT_OBJC_MSGSEND = YES;
				GCC_C_LANGUAGE_STANDARD = gnu11;
				GCC_NO_COMMON_BLOCKS = YES;
				GCC_WARN_64_TO_32_BIT_CONVERSION = YES;
				GCC_WARN_ABOUT_RETURN_TYPE = YES_ERROR;
				GCC_WARN_UNDECLARED_SELECTOR = YES;
				GCC_WARN_UNINITIALIZED_AUTOS = YES_AGGRESSIVE;
				GCC_WARN_UNUSED_FUNCTION = YES;
				GCC_WARN_UNUSED_VARIABLE = YES;
				IPHONEOS_DEPLOYMENT_TARGET = 15.5;
				MTL_ENABLE_DEBUG_INFO = NO;
				MTL_FAST_MATH = YES;
				SDKROOT = iphoneos;
				SWIFT_COMPILATION_MODE = wholemodule;
				SWIFT_OPTIMIZATION_LEVEL = "-O";
				VALIDATE_PRODUCT = YES;
			};
			name = Release;
		};
		1B1DACD9283E374300E42AFB /* Debug */ = {
			isa = XCBuildConfiguration;
			buildSettings = {
				ASSETCATALOG_COMPILER_APPICON_NAME = AppIcon;
				ASSETCATALOG_COMPILER_GLOBAL_ACCENT_COLOR_NAME = AccentColor;
				CODE_SIGN_STYLE = Automatic;
				CURRENT_PROJECT_VERSION = 1;
				DEVELOPMENT_ASSET_PATHS = "\"ResizeableSheetDemo/Preview Content\"";
				DEVELOPMENT_TEAM = 5FRV5G4F5S;
				ENABLE_PREVIEWS = YES;
				GENERATE_INFOPLIST_FILE = YES;
				INFOPLIST_KEY_UIApplicationSceneManifest_Generation = YES;
				INFOPLIST_KEY_UIApplicationSupportsIndirectInputEvents = YES;
				INFOPLIST_KEY_UILaunchScreen_Generation = YES;
				INFOPLIST_KEY_UISupportedInterfaceOrientations_iPad = "UIInterfaceOrientationPortrait UIInterfaceOrientationPortraitUpsideDown UIInterfaceOrientationLandscapeLeft UIInterfaceOrientationLandscapeRight";
				INFOPLIST_KEY_UISupportedInterfaceOrientations_iPhone = "UIInterfaceOrientationPortrait UIInterfaceOrientationLandscapeLeft UIInterfaceOrientationLandscapeRight";
				LD_RUNPATH_SEARCH_PATHS = (
					"$(inherited)",
					"@executable_path/Frameworks",
				);
				MARKETING_VERSION = 1.0;
				PRODUCT_BUNDLE_IDENTIFIER = com.floatingislandapps.ResizeableSheetDemo.ResizeableSheetDemo;
				PRODUCT_NAME = "$(TARGET_NAME)";
				SWIFT_EMIT_LOC_STRINGS = YES;
				SWIFT_VERSION = 5.0;
				TARGETED_DEVICE_FAMILY = "1,2";
			};
			name = Debug;
		};
		1B1DACDA283E374300E42AFB /* Release */ = {
			isa = XCBuildConfiguration;
			buildSettings = {
				ASSETCATALOG_COMPILER_APPICON_NAME = AppIcon;
				ASSETCATALOG_COMPILER_GLOBAL_ACCENT_COLOR_NAME = AccentColor;
				CODE_SIGN_STYLE = Automatic;
				CURRENT_PROJECT_VERSION = 1;
				DEVELOPMENT_ASSET_PATHS = "\"ResizeableSheetDemo/Preview Content\"";
				DEVELOPMENT_TEAM = 5FRV5G4F5S;
				ENABLE_PREVIEWS = YES;
				GENERATE_INFOPLIST_FILE = YES;
				INFOPLIST_KEY_UIApplicationSceneManifest_Generation = YES;
				INFOPLIST_KEY_UIApplicationSupportsIndirectInputEvents = YES;
				INFOPLIST_KEY_UILaunchScreen_Generation = YES;
				INFOPLIST_KEY_UISupportedInterfaceOrientations_iPad = "UIInterfaceOrientationPortrait UIInterfaceOrientationPortraitUpsideDown UIInterfaceOrientationLandscapeLeft UIInterfaceOrientationLandscapeRight";
				INFOPLIST_KEY_UISupportedInterfaceOrientations_iPhone = "UIInterfaceOrientationPortrait UIInterfaceOrientationLandscapeLeft UIInterfaceOrientationLandscapeRight";
				LD_RUNPATH_SEARCH_PATHS = (
					"$(inherited)",
					"@executable_path/Frameworks",
				);
				MARKETING_VERSION = 1.0;
				PRODUCT_BUNDLE_IDENTIFIER = com.floatingislandapps.ResizeableSheetDemo.ResizeableSheetDemo;
				PRODUCT_NAME = "$(TARGET_NAME)";
				SWIFT_EMIT_LOC_STRINGS = YES;
				SWIFT_VERSION = 5.0;
				TARGETED_DEVICE_FAMILY = "1,2";
			};
			name = Release;
		};
/* End XCBuildConfiguration section */

/* Begin XCConfigurationList section */
		1B1DACC5283E374100E42AFB /* Build configuration list for PBXProject "ResizeableSheetDemo" */ = {
			isa = XCConfigurationList;
			buildConfigurations = (
				1B1DACD6283E374300E42AFB /* Debug */,
				1B1DACD7283E374300E42AFB /* Release */,
			);
			defaultConfigurationIsVisible = 0;
			defaultConfigurationName = Release;
		};
		1B1DACD8283E374300E42AFB /* Build configuration list for PBXNativeTarget "ResizeableSheetDemo" */ = {
			isa = XCConfigurationList;
			buildConfigurations = (
				1B1DACD9283E374300E42AFB /* Debug */,
				1B1DACDA283E374300E42AFB /* Release */,
			);
			defaultConfigurationIsVisible = 0;
			defaultConfigurationName = Release;
		};
/* End XCConfigurationList section */
	};
	rootObject = 1B1DACC2283E374100E42AFB /* Project object */;
}
